
Microsoft Visual Studio Solution File, Format Version 12.00
# Visual Studio Version 17
VisualStudioVersion = 17.12.35506.116 d17.12
MinimumVisualStudioVersion = 10.0.40219.1
Project("{FAE04EC0-301F-11D3-BF4B-00C04F79EFBC}") = "ABLE_API", "ABLE_API.csproj", "{ED656F88-04F2-4511-AE04-556578665ED2}"
EndProject
Global
	GlobalSection(SolutionConfigurationPlatforms) = preSolution
		Debug|Any CPU = Debug|Any CPU
		Release|Any CPU = Release|Any CPU
	EndGlobalSection
	GlobalSection(ProjectConfigurationPlatforms) = postSolution
		{ED656F88-04F2-4511-AE04-556578665ED2}.Debug|Any CPU.ActiveCfg = Debug|Any CPU
		{ED656F88-04F2-4511-AE04-556578665ED2}.Debug|Any CPU.Build.0 = Debug|Any CPU
		{ED656F88-04F2-4511-AE04-556578665ED2}.Release|Any CPU.ActiveCfg = Release|Any CPU
		{ED656F88-04F2-4511-AE04-556578665ED2}.Release|Any CPU.Build.0 = Release|Any CPU
	EndGlobalSection
	GlobalSection(SolutionProperties) = preSolution
		HideSolutionNode = FALSE
	EndGlobalSection
EndGlobal
